
Microsoft Visual Studio Solution File, Format Version 12.00
# Visual Studio 15
VisualStudioVersion = 15.0.28307.489
MinimumVisualStudioVersion = 10.0.40219.1
Project("{8BC9CEB8-8B4A-11D0-8D11-00A0C91BC942}") = "FilamentWinApp", "Render\FilamentWinApp\FilamentWinApp.vcxproj", "{FBA42C75-C2FD-4B30-B289-8683E8274623}"
EndProject
Project("{8BC9CEB8-8B4A-11D0-8D11-00A0C91BC942}") = "DeformationModel", "DeformationModel\DeformationModel.vcxproj", "{9700F887-05B3-4383-BB21-B6F2D5685D49}"
EndProject
Project("{8BC9CEB8-8B4A-11D0-8D11-00A0C91BC942}") = "Simulation", "Simulation\Simulation.vcxproj", "{607D4C88-3291-42F7-AE1C-952D962AD881}"
EndProject
Project("{2150E333-8FDC-42A3-9474-1A3956D46DE8}") = "Utils", "Utils", "{ADA45427-0364-4547-92B3-7BF6F7AC4FF8}"
EndProject
Project("{8BC9CEB8-8B4A-11D0-8D11-00A0C91BC942}") = "Chai3d", "Utils\Chai3d\Chai3d.vcxproj", "{43B071CD-8451-4766-9A34-94A1B37C827F}"
EndProject
Project("{8BC9CEB8-8B4A-11D0-8D11-00A0C91BC942}") = "Logger", "Utils\Logger\Logger.vcxproj", "{EE86D541-0AFD-443E-8040-E28FFE586B6D}"
EndProject
Project("{8BC9CEB8-8B4A-11D0-8D11-00A0C91BC942}") = "Math", "Utils\Math\Math.vcxproj", "{4F4050C2-3950-4050-9354-E81C434D03FD}"
EndProject
Project("{8BC9CEB8-8B4A-11D0-8D11-00A0C91BC942}") = "OBJLoader", "Utils\ObjLoader\ObjLoader.vcxproj", "{3B40D1B6-EA08-4970-A937-C63B03F5FF5A}"
EndProject
Project("{2150E333-8FDC-42A3-9474-1A3956D46DE8}") = "Samples", "Samples", "{26230F3D-6371-4219-9D9F-607915F0187A}"
EndProject
Project("{8BC9CEB8-8B4A-11D0-8D11-00A0C91BC942}") = "Example1", "Samples\Example1\Example1.vcxproj", "{CB419A7B-32C0-4141-8E0E-DA90DE7708F1}"
EndProject
Project("{8BC9CEB8-8B4A-11D0-8D11-00A0C91BC942}") = "Test", "Samples\Test\Test.vcxproj", "{21F92289-72D3-461C-9ACD-A2E03BD8044B}"
EndProject
Global
	GlobalSection(SolutionConfigurationPlatforms) = preSolution
		Debug|x64 = Debug|x64
		Debug|x86 = Debug|x86
		Release|x64 = Release|x64
		Release|x86 = Release|x86
	EndGlobalSection
	GlobalSection(ProjectConfigurationPlatforms) = postSolution
		{FBA42C75-C2FD-4B30-B289-8683E8274623}.Debug|x64.ActiveCfg = Debug|x64
		{FBA42C75-C2FD-4B30-B289-8683E8274623}.Debug|x64.Build.0 = Debug|x64
		{FBA42C75-C2FD-4B30-B289-8683E8274623}.Debug|x86.ActiveCfg = Debug|Win32
		{FBA42C75-C2FD-4B30-B289-8683E8274623}.Debug|x86.Build.0 = Debug|Win32
		{FBA42C75-C2FD-4B30-B289-8683E8274623}.Release|x64.ActiveCfg = Release|x64
		{FBA42C75-C2FD-4B30-B289-8683E8274623}.Release|x64.Build.0 = Release|x64
		{FBA42C75-C2FD-4B30-B289-8683E8274623}.Release|x86.ActiveCfg = Release|Win32
		{FBA42C75-C2FD-4B30-B289-8683E8274623}.Release|x86.Build.0 = Release|Win32
		{9700F887-05B3-4383-BB21-B6F2D5685D49}.Debug|x64.ActiveCfg = Debug|x64
		{9700F887-05B3-4383-BB21-B6F2D5685D49}.Debug|x64.Build.0 = Debug|x64
		{9700F887-05B3-4383-BB21-B6F2D5685D49}.Debug|x86.ActiveCfg = Debug|Win32
		{9700F887-05B3-4383-BB21-B6F2D5685D49}.Debug|x86.Build.0 = Debug|Win32
		{9700F887-05B3-4383-BB21-B6F2D5685D49}.Release|x64.ActiveCfg = Release|x64
		{9700F887-05B3-4383-BB21-B6F2D5685D49}.Release|x64.Build.0 = Release|x64
		{9700F887-05B3-4383-BB21-B6F2D5685D49}.Release|x86.ActiveCfg = Release|Win32
		{9700F887-05B3-4383-BB21-B6F2D5685D49}.Release|x86.Build.0 = Release|Win32
		{607D4C88-3291-42F7-AE1C-952D962AD881}.Debug|x64.ActiveCfg = Debug|x64
		{607D4C88-3291-42F7-AE1C-952D962AD881}.Debug|x64.Build.0 = Debug|x64
		{607D4C88-3291-42F7-AE1C-952D962AD881}.Debug|x86.ActiveCfg = Debug|Win32
		{607D4C88-3291-42F7-AE1C-952D962AD881}.Debug|x86.Build.0 = Debug|Win32
		{607D4C88-3291-42F7-AE1C-952D962AD881}.Release|x64.ActiveCfg = Release|x64
		{607D4C88-3291-42F7-AE1C-952D962AD881}.Release|x64.Build.0 = Release|x64
		{607D4C88-3291-42F7-AE1C-952D962AD881}.Release|x86.ActiveCfg = Release|Win32
		{607D4C88-3291-42F7-AE1C-952D962AD881}.Release|x86.Build.0 = Release|Win32
		{43B071CD-8451-4766-9A34-94A1B37C827F}.Debug|x64.ActiveCfg = Debug|x64
		{43B071CD-8451-4766-9A34-94A1B37C827F}.Debug|x64.Build.0 = Debug|x64
		{43B071CD-8451-4766-9A34-94A1B37C827F}.Debug|x86.ActiveCfg = Debug|Win32
		{43B071CD-8451-4766-9A34-94A1B37C827F}.Debug|x86.Build.0 = Debug|Win32
		{43B071CD-8451-4766-9A34-94A1B37C827F}.Release|x64.ActiveCfg = Release|x64
		{43B071CD-8451-4766-9A34-94A1B37C827F}.Release|x64.Build.0 = Release|x64
		{43B071CD-8451-4766-9A34-94A1B37C827F}.Release|x86.ActiveCfg = Release|Win32
		{43B071CD-8451-4766-9A34-94A1B37C827F}.Release|x86.Build.0 = Release|Win32
		{EE86D541-0AFD-443E-8040-E28FFE586B6D}.Debug|x64.ActiveCfg = Debug|x64
		{EE86D541-0AFD-443E-8040-E28FFE586B6D}.Debug|x64.Build.0 = Debug|x64
		{EE86D541-0AFD-443E-8040-E28FFE586B6D}.Debug|x86.ActiveCfg = Debug|Win32
		{EE86D541-0AFD-443E-8040-E28FFE586B6D}.Debug|x86.Build.0 = Debug|Win32
		{EE86D541-0AFD-443E-8040-E28FFE586B6D}.Release|x64.ActiveCfg = Release|x64
		{EE86D541-0AFD-443E-8040-E28FFE586B6D}.Release|x64.Build.0 = Release|x64
		{EE86D541-0AFD-443E-8040-E28FFE586B6D}.Release|x86.ActiveCfg = Release|Win32
		{EE86D541-0AFD-443E-8040-E28FFE586B6D}.Release|x86.Build.0 = Release|Win32
		{4F4050C2-3950-4050-9354-E81C434D03FD}.Debug|x64.ActiveCfg = Debug|x64
		{4F4050C2-3950-4050-9354-E81C434D03FD}.Debug|x64.Build.0 = Debug|x64
		{4F4050C2-3950-4050-9354-E81C434D03FD}.Debug|x86.ActiveCfg = Debug|Win32
		{4F4050C2-3950-4050-9354-E81C434D03FD}.Debug|x86.Build.0 = Debug|Win32
		{4F4050C2-3950-4050-9354-E81C434D03FD}.Release|x64.ActiveCfg = Release|x64
		{4F4050C2-3950-4050-9354-E81C434D03FD}.Release|x64.Build.0 = Release|x64
		{4F4050C2-3950-4050-9354-E81C434D03FD}.Release|x86.ActiveCfg = Release|Win32
		{4F4050C2-3950-4050-9354-E81C434D03FD}.Release|x86.Build.0 = Release|Win32
		{3B40D1B6-EA08-4970-A937-C63B03F5FF5A}.Debug|x64.ActiveCfg = Debug|x64
		{3B40D1B6-EA08-4970-A937-C63B03F5FF5A}.Debug|x64.Build.0 = Debug|x64
		{3B40D1B6-EA08-4970-A937-C63B03F5FF5A}.Debug|x86.ActiveCfg = Debug|Win32
		{3B40D1B6-EA08-4970-A937-C63B03F5FF5A}.Debug|x86.Build.0 = Debug|Win32
		{3B40D1B6-EA08-4970-A937-C63B03F5FF5A}.Release|x64.ActiveCfg = Release|x64
		{3B40D1B6-EA08-4970-A937-C63B03F5FF5A}.Release|x64.Build.0 = Release|x64
		{3B40D1B6-EA08-4970-A937-C63B03F5FF5A}.Release|x86.ActiveCfg = Release|Win32
		{3B40D1B6-EA08-4970-A937-C63B03F5FF5A}.Release|x86.Build.0 = Release|Win32
		{CB419A7B-32C0-4141-8E0E-DA90DE7708F1}.Debug|x64.ActiveCfg = Debug|x64
		{CB419A7B-32C0-4141-8E0E-DA90DE7708F1}.Debug|x64.Build.0 = Debug|x64
		{CB419A7B-32C0-4141-8E0E-DA90DE7708F1}.Debug|x86.ActiveCfg = Debug|Win32
		{CB419A7B-32C0-4141-8E0E-DA90DE7708F1}.Debug|x86.Build.0 = Debug|Win32
		{CB419A7B-32C0-4141-8E0E-DA90DE7708F1}.Release|x64.ActiveCfg = Release|x64
		{CB419A7B-32C0-4141-8E0E-DA90DE7708F1}.Release|x64.Build.0 = Release|x64
		{CB419A7B-32C0-4141-8E0E-DA90DE7708F1}.Release|x86.ActiveCfg = Release|Win32
		{CB419A7B-32C0-4141-8E0E-DA90DE7708F1}.Release|x86.Build.0 = Release|Win32
		{21F92289-72D3-461C-9ACD-A2E03BD8044B}.Debug|x64.ActiveCfg = Debug|x64
		{21F92289-72D3-461C-9ACD-A2E03BD8044B}.Debug|x64.Build.0 = Debug|x64
		{21F92289-72D3-461C-9ACD-A2E03BD8044B}.Debug|x86.ActiveCfg = Debug|Win32
		{21F92289-72D3-461C-9ACD-A2E03BD8044B}.Debug|x86.Build.0 = Debug|Win32
		{21F92289-72D3-461C-9ACD-A2E03BD8044B}.Release|x64.ActiveCfg = Release|x64
		{21F92289-72D3-461C-9ACD-A2E03BD8044B}.Release|x64.Build.0 = Release|x64
		{21F92289-72D3-461C-9ACD-A2E03BD8044B}.Release|x86.ActiveCfg = Release|Win32
		{21F92289-72D3-461C-9ACD-A2E03BD8044B}.Release|x86.Build.0 = Release|Win32
	EndGlobalSection
	GlobalSection(SolutionProperties) = preSolution
		HideSolutionNode = FALSE
	EndGlobalSection
	GlobalSection(NestedProjects) = preSolution
		{43B071CD-8451-4766-9A34-94A1B37C827F} = {ADA45427-0364-4547-92B3-7BF6F7AC4FF8}
		{EE86D541-0AFD-443E-8040-E28FFE586B6D} = {ADA45427-0364-4547-92B3-7BF6F7AC4FF8}
		{4F4050C2-3950-4050-9354-E81C434D03FD} = {ADA45427-0364-4547-92B3-7BF6F7AC4FF8}
		{3B40D1B6-EA08-4970-A937-C63B03F5FF5A} = {ADA45427-0364-4547-92B3-7BF6F7AC4FF8}
		{CB419A7B-32C0-4141-8E0E-DA90DE7708F1} = {26230F3D-6371-4219-9D9F-607915F0187A}
		{21F92289-72D3-461C-9ACD-A2E03BD8044B} = {26230F3D-6371-4219-9D9F-607915F0187A}
	EndGlobalSection
	GlobalSection(ExtensibilityGlobals) = postSolution
		SolutionGuid = {3881A9A3-3723-4745-B553-28E41BB5CA35}
	EndGlobalSection
EndGlobal
